
Microsoft Visual Studio Solution File, Format Version 12.00
# Visual Studio Version 16
VisualStudioVersion = 16.0.30225.117
MinimumVisualStudioVersion = 10.0.40219.1
Project("{FAE04EC0-301F-11D3-BF4B-00C04F79EFBC}") = "numberAnalyzer", "numberAnalyzer\numberAnalyzer.csproj", "{7970E7F2-8FBB-4D7B-8789-C5C79C64E641}"
EndProject
Global
	GlobalSection(SolutionConfigurationPlatforms) = preSolution
		Debug|Any CPU = Debug|Any CPU
		Release|Any CPU = Release|Any CPU
	EndGlobalSection
	GlobalSection(ProjectConfigurationPlatforms) = postSolution
		{7970E7F2-8FBB-4D7B-8789-C5C79C64E641}.Debug|Any CPU.ActiveCfg = Debug|Any CPU
		{7970E7F2-8FBB-4D7B-8789-C5C79C64E641}.Debug|Any CPU.Build.0 = Debug|Any CPU
		{7970E7F2-8FBB-4D7B-8789-C5C79C64E641}.Release|Any CPU.ActiveCfg = Release|Any CPU
		{7970E7F2-8FBB-4D7B-8789-C5C79C64E641}.Release|Any CPU.Build.0 = Release|Any CPU
	EndGlobalSection
	GlobalSection(SolutionProperties) = preSolution
		HideSolutionNode = FALSE
	EndGlobalSection
	GlobalSection(ExtensibilityGlobals) = postSolution
		SolutionGuid = {BF4E0F4C-2823-4D3C-93BA-3D2A1EF4C7D5}
	EndGlobalSection
EndGlobal
